
Microsoft Visual Studio Solution File, Format Version 12.00
# Visual Studio Version 17
VisualStudioVersion = 17.3.32811.315
MinimumVisualStudioVersion = 10.0.40219.1
Project("{FAE04EC0-301F-11D3-BF4B-00C04F79EFBC}") = "School Manager", "School Manager.csproj", "{AB1058F6-13EA-475F-8216-0E3884F5970F}"
EndProject
Global
	GlobalSection(SolutionConfigurationPlatforms) = preSolution
		Debug|Any CPU = Debug|Any CPU
		Release|Any CPU = Release|Any CPU
	EndGlobalSection
	GlobalSection(ProjectConfigurationPlatforms) = postSolution
		{AB1058F6-13EA-475F-8216-0E3884F5970F}.Debug|Any CPU.ActiveCfg = Debug|Any CPU
		{AB1058F6-13EA-475F-8216-0E3884F5970F}.Debug|Any CPU.Build.0 = Debug|Any CPU
		{AB1058F6-13EA-475F-8216-0E3884F5970F}.Release|Any CPU.ActiveCfg = Release|Any CPU
		{AB1058F6-13EA-475F-8216-0E3884F5970F}.Release|Any CPU.Build.0 = Release|Any CPU
	EndGlobalSection
	GlobalSection(SolutionProperties) = preSolution
		HideSolutionNode = FALSE
	EndGlobalSection
	GlobalSection(ExtensibilityGlobals) = postSolution
		SolutionGuid = {20E29BB3-2B76-4F4C-B116-2B25E710EBD2}
	EndGlobalSection
EndGlobal
